
Microsoft Visual Studio Solution File, Format Version 12.00
# Visual Studio 15
VisualStudioVersion = 15.0.26730.12
MinimumVisualStudioVersion = 10.0.40219.1
Project("{2150E333-8FDC-42A3-9474-1A3956D46DE8}") = "1_UserInterface", "1_UserInterface", "{C8F69CC4-05C7-4043-8FC2-A2006A84AEA0}"
EndProject
Project("{2150E333-8FDC-42A3-9474-1A3956D46DE8}") = "2_Core", "2_Core", "{D2CD0419-4B3A-4B22-AF7C-351304677823}"
EndProject
Project("{2150E333-8FDC-42A3-9474-1A3956D46DE8}") = "Modules", "Modules", "{68C6E4C5-2CD6-4602-A066-D15F00712907}"
EndProject
Project("{FAE04EC0-301F-11D3-BF4B-00C04F79EFBC}") = "MainModuleUI", "MainModuleUI\MainModuleUI.csproj", "{8B217582-D885-40EF-B5FB-2E3413D3DE4C}"
EndProject
Project("{FAE04EC0-301F-11D3-BF4B-00C04F79EFBC}") = "TeacherModuleUI", "TeacherModuleUI\TeacherModuleUI.csproj", "{DD137A57-F2C3-4E2C-952B-1F3B1D32CDB2}"
EndProject
Project("{2150E333-8FDC-42A3-9474-1A3956D46DE8}") = "UnitTests", "UnitTests", "{690B3F52-0579-4C90-93E0-0966EA7CEF8C}"
EndProject
Project("{FAE04EC0-301F-11D3-BF4B-00C04F79EFBC}") = "UnitTesting", "UnitTesting\UnitTesting.csproj", "{5ADAD8DD-3AF1-41DA-BE28-86C45F4C92BF}"
EndProject
Project("{2150E333-8FDC-42A3-9474-1A3956D46DE8}") = "3_DataLayer", "3_DataLayer", "{398DDF36-5310-4E4C-9F69-730F6BFBDD23}"
EndProject
Project("{FAE04EC0-301F-11D3-BF4B-00C04F79EFBC}") = "DataAccess", "DataAccess\DataAccess.csproj", "{02C77B64-E35F-4FC6-9BC9-337AC9E73420}"
EndProject
Project("{FAE04EC0-301F-11D3-BF4B-00C04F79EFBC}") = "CoreGeneralization", "CoreGeneralization\CoreGeneralization.csproj", "{902D16BE-9EE7-4B6A-A522-5D25DA2D638B}"
EndProject
Project("{FAE04EC0-301F-11D3-BF4B-00C04F79EFBC}") = "CoreLogic", "CoreLogic\CoreLogic.csproj", "{3C985488-C876-43BF-BEDC-9C150AE718C9}"
EndProject
Project("{2150E333-8FDC-42A3-9474-1A3956D46DE8}") = "Cross-Cutting", "Cross-Cutting", "{D003561D-E1FB-4654-806D-082AC1E16F7B}"
EndProject
Project("{FAE04EC0-301F-11D3-BF4B-00C04F79EFBC}") = "FrameworkCommon", "FrameworkCommon\FrameworkCommon.csproj", "{0D34B3C6-4F5A-469F-A793-77D5DE2C9E5E}"
EndProject
Project("{FAE04EC0-301F-11D3-BF4B-00C04F79EFBC}") = "MainComponents", "MainComponents\MainComponents.csproj", "{A99F88CA-AFF1-4F83-A0A0-615DC157FDFC}"
EndProject
Project("{FAE04EC0-301F-11D3-BF4B-00C04F79EFBC}") = "CoreEntities", "CoreEntities\CoreEntities.csproj", "{A1601F7B-A76E-4047-92C2-187D0DDB58D6}"
EndProject
Project("{FAE04EC0-301F-11D3-BF4B-00C04F79EFBC}") = "SubjectModuleUI", "SubjectModuleUI\SubjectModuleUI.csproj", "{F750F118-4F67-47C3-95B0-58B2F9215969}"
EndProject
Project("{FAE04EC0-301F-11D3-BF4B-00C04F79EFBC}") = "StudentModuleUI", "StudentModuleUI\StudentModuleUI.csproj", "{A04FA460-E035-40AD-B796-B886705180A1}"
EndProject
Project("{FAE04EC0-301F-11D3-BF4B-00C04F79EFBC}") = "VehicleModuleUI", "VehicleModuleUI\VehicleModuleUI.csproj", "{47FBB223-2BE4-4288-8E20-5B00C0314B33}"
EndProject
Project("{FAE04EC0-301F-11D3-BF4B-00C04F79EFBC}") = "DataContracts", "DataContracts\DataContracts.csproj", "{09DAD7E9-F13B-40A6-92AF-54ED9AB6E482}"
EndProject
Project("{FAE04EC0-301F-11D3-BF4B-00C04F79EFBC}") = "ProviderManager", "ProviderManager\ProviderManager.csproj", "{FE0A814E-CF32-41E0-961E-9F7A5A3780D5}"
EndProject
Project("{FAE04EC0-301F-11D3-BF4B-00C04F79EFBC}") = "ActivityModuleUI", "ActivityModuleUI\ActivityModuleUI.csproj", "{AFC26F55-9EBB-4614-A4D1-BC2348AB3585}"
EndProject
Global
	GlobalSection(SolutionConfigurationPlatforms) = preSolution
		Debug|Any CPU = Debug|Any CPU
		Release|Any CPU = Release|Any CPU
	EndGlobalSection
	GlobalSection(ProjectConfigurationPlatforms) = postSolution
		{8B217582-D885-40EF-B5FB-2E3413D3DE4C}.Debug|Any CPU.ActiveCfg = Debug|Any CPU
		{8B217582-D885-40EF-B5FB-2E3413D3DE4C}.Debug|Any CPU.Build.0 = Debug|Any CPU
		{8B217582-D885-40EF-B5FB-2E3413D3DE4C}.Release|Any CPU.ActiveCfg = Release|Any CPU
		{8B217582-D885-40EF-B5FB-2E3413D3DE4C}.Release|Any CPU.Build.0 = Release|Any CPU
		{DD137A57-F2C3-4E2C-952B-1F3B1D32CDB2}.Debug|Any CPU.ActiveCfg = Debug|Any CPU
		{DD137A57-F2C3-4E2C-952B-1F3B1D32CDB2}.Debug|Any CPU.Build.0 = Debug|Any CPU
		{DD137A57-F2C3-4E2C-952B-1F3B1D32CDB2}.Release|Any CPU.ActiveCfg = Release|Any CPU
		{DD137A57-F2C3-4E2C-952B-1F3B1D32CDB2}.Release|Any CPU.Build.0 = Release|Any CPU
		{5ADAD8DD-3AF1-41DA-BE28-86C45F4C92BF}.Debug|Any CPU.ActiveCfg = Debug|Any CPU
		{5ADAD8DD-3AF1-41DA-BE28-86C45F4C92BF}.Debug|Any CPU.Build.0 = Debug|Any CPU
		{5ADAD8DD-3AF1-41DA-BE28-86C45F4C92BF}.Release|Any CPU.ActiveCfg = Release|Any CPU
		{5ADAD8DD-3AF1-41DA-BE28-86C45F4C92BF}.Release|Any CPU.Build.0 = Release|Any CPU
		{02C77B64-E35F-4FC6-9BC9-337AC9E73420}.Debug|Any CPU.ActiveCfg = Debug|Any CPU
		{02C77B64-E35F-4FC6-9BC9-337AC9E73420}.Debug|Any CPU.Build.0 = Debug|Any CPU
		{02C77B64-E35F-4FC6-9BC9-337AC9E73420}.Release|Any CPU.ActiveCfg = Release|Any CPU
		{02C77B64-E35F-4FC6-9BC9-337AC9E73420}.Release|Any CPU.Build.0 = Release|Any CPU
		{902D16BE-9EE7-4B6A-A522-5D25DA2D638B}.Debug|Any CPU.ActiveCfg = Debug|Any CPU
		{902D16BE-9EE7-4B6A-A522-5D25DA2D638B}.Debug|Any CPU.Build.0 = Debug|Any CPU
		{902D16BE-9EE7-4B6A-A522-5D25DA2D638B}.Release|Any CPU.ActiveCfg = Release|Any CPU
		{902D16BE-9EE7-4B6A-A522-5D25DA2D638B}.Release|Any CPU.Build.0 = Release|Any CPU
		{3C985488-C876-43BF-BEDC-9C150AE718C9}.Debug|Any CPU.ActiveCfg = Debug|Any CPU
		{3C985488-C876-43BF-BEDC-9C150AE718C9}.Debug|Any CPU.Build.0 = Debug|Any CPU
		{3C985488-C876-43BF-BEDC-9C150AE718C9}.Release|Any CPU.ActiveCfg = Release|Any CPU
		{3C985488-C876-43BF-BEDC-9C150AE718C9}.Release|Any CPU.Build.0 = Release|Any CPU
		{0D34B3C6-4F5A-469F-A793-77D5DE2C9E5E}.Debug|Any CPU.ActiveCfg = Debug|Any CPU
		{0D34B3C6-4F5A-469F-A793-77D5DE2C9E5E}.Debug|Any CPU.Build.0 = Debug|Any CPU
		{0D34B3C6-4F5A-469F-A793-77D5DE2C9E5E}.Release|Any CPU.ActiveCfg = Release|Any CPU
		{0D34B3C6-4F5A-469F-A793-77D5DE2C9E5E}.Release|Any CPU.Build.0 = Release|Any CPU
		{A99F88CA-AFF1-4F83-A0A0-615DC157FDFC}.Debug|Any CPU.ActiveCfg = Debug|Any CPU
		{A99F88CA-AFF1-4F83-A0A0-615DC157FDFC}.Debug|Any CPU.Build.0 = Debug|Any CPU
		{A99F88CA-AFF1-4F83-A0A0-615DC157FDFC}.Release|Any CPU.ActiveCfg = Release|Any CPU
		{A99F88CA-AFF1-4F83-A0A0-615DC157FDFC}.Release|Any CPU.Build.0 = Release|Any CPU
		{A1601F7B-A76E-4047-92C2-187D0DDB58D6}.Debug|Any CPU.ActiveCfg = Debug|Any CPU
		{A1601F7B-A76E-4047-92C2-187D0DDB58D6}.Debug|Any CPU.Build.0 = Debug|Any CPU
		{A1601F7B-A76E-4047-92C2-187D0DDB58D6}.Release|Any CPU.ActiveCfg = Release|Any CPU
		{A1601F7B-A76E-4047-92C2-187D0DDB58D6}.Release|Any CPU.Build.0 = Release|Any CPU
		{F750F118-4F67-47C3-95B0-58B2F9215969}.Debug|Any CPU.ActiveCfg = Debug|Any CPU
		{F750F118-4F67-47C3-95B0-58B2F9215969}.Debug|Any CPU.Build.0 = Debug|Any CPU
		{F750F118-4F67-47C3-95B0-58B2F9215969}.Release|Any CPU.ActiveCfg = Release|Any CPU
		{F750F118-4F67-47C3-95B0-58B2F9215969}.Release|Any CPU.Build.0 = Release|Any CPU
		{A04FA460-E035-40AD-B796-B886705180A1}.Debug|Any CPU.ActiveCfg = Debug|Any CPU
		{A04FA460-E035-40AD-B796-B886705180A1}.Debug|Any CPU.Build.0 = Debug|Any CPU
		{A04FA460-E035-40AD-B796-B886705180A1}.Release|Any CPU.ActiveCfg = Release|Any CPU
		{A04FA460-E035-40AD-B796-B886705180A1}.Release|Any CPU.Build.0 = Release|Any CPU
		{47FBB223-2BE4-4288-8E20-5B00C0314B33}.Debug|Any CPU.ActiveCfg = Debug|Any CPU
		{47FBB223-2BE4-4288-8E20-5B00C0314B33}.Debug|Any CPU.Build.0 = Debug|Any CPU
		{47FBB223-2BE4-4288-8E20-5B00C0314B33}.Release|Any CPU.ActiveCfg = Release|Any CPU
		{47FBB223-2BE4-4288-8E20-5B00C0314B33}.Release|Any CPU.Build.0 = Release|Any CPU
		{09DAD7E9-F13B-40A6-92AF-54ED9AB6E482}.Debug|Any CPU.ActiveCfg = Debug|Any CPU
		{09DAD7E9-F13B-40A6-92AF-54ED9AB6E482}.Debug|Any CPU.Build.0 = Debug|Any CPU
		{09DAD7E9-F13B-40A6-92AF-54ED9AB6E482}.Release|Any CPU.ActiveCfg = Release|Any CPU
		{09DAD7E9-F13B-40A6-92AF-54ED9AB6E482}.Release|Any CPU.Build.0 = Release|Any CPU
		{FE0A814E-CF32-41E0-961E-9F7A5A3780D5}.Debug|Any CPU.ActiveCfg = Debug|Any CPU
		{FE0A814E-CF32-41E0-961E-9F7A5A3780D5}.Debug|Any CPU.Build.0 = Debug|Any CPU
		{FE0A814E-CF32-41E0-961E-9F7A5A3780D5}.Release|Any CPU.ActiveCfg = Release|Any CPU
		{FE0A814E-CF32-41E0-961E-9F7A5A3780D5}.Release|Any CPU.Build.0 = Release|Any CPU
		{AFC26F55-9EBB-4614-A4D1-BC2348AB3585}.Debug|Any CPU.ActiveCfg = Debug|Any CPU
		{AFC26F55-9EBB-4614-A4D1-BC2348AB3585}.Debug|Any CPU.Build.0 = Debug|Any CPU
		{AFC26F55-9EBB-4614-A4D1-BC2348AB3585}.Release|Any CPU.ActiveCfg = Release|Any CPU
		{AFC26F55-9EBB-4614-A4D1-BC2348AB3585}.Release|Any CPU.Build.0 = Release|Any CPU
	EndGlobalSection
	GlobalSection(SolutionProperties) = preSolution
		HideSolutionNode = FALSE
	EndGlobalSection
	GlobalSection(NestedProjects) = preSolution
		{68C6E4C5-2CD6-4602-A066-D15F00712907} = {C8F69CC4-05C7-4043-8FC2-A2006A84AEA0}
		{8B217582-D885-40EF-B5FB-2E3413D3DE4C} = {C8F69CC4-05C7-4043-8FC2-A2006A84AEA0}
		{DD137A57-F2C3-4E2C-952B-1F3B1D32CDB2} = {68C6E4C5-2CD6-4602-A066-D15F00712907}
		{5ADAD8DD-3AF1-41DA-BE28-86C45F4C92BF} = {690B3F52-0579-4C90-93E0-0966EA7CEF8C}
		{02C77B64-E35F-4FC6-9BC9-337AC9E73420} = {398DDF36-5310-4E4C-9F69-730F6BFBDD23}
		{902D16BE-9EE7-4B6A-A522-5D25DA2D638B} = {D2CD0419-4B3A-4B22-AF7C-351304677823}
		{3C985488-C876-43BF-BEDC-9C150AE718C9} = {D2CD0419-4B3A-4B22-AF7C-351304677823}
		{0D34B3C6-4F5A-469F-A793-77D5DE2C9E5E} = {D003561D-E1FB-4654-806D-082AC1E16F7B}
		{A99F88CA-AFF1-4F83-A0A0-615DC157FDFC} = {D2CD0419-4B3A-4B22-AF7C-351304677823}
		{A1601F7B-A76E-4047-92C2-187D0DDB58D6} = {D2CD0419-4B3A-4B22-AF7C-351304677823}
		{F750F118-4F67-47C3-95B0-58B2F9215969} = {68C6E4C5-2CD6-4602-A066-D15F00712907}
		{A04FA460-E035-40AD-B796-B886705180A1} = {68C6E4C5-2CD6-4602-A066-D15F00712907}
		{47FBB223-2BE4-4288-8E20-5B00C0314B33} = {68C6E4C5-2CD6-4602-A066-D15F00712907}
		{09DAD7E9-F13B-40A6-92AF-54ED9AB6E482} = {398DDF36-5310-4E4C-9F69-730F6BFBDD23}
		{FE0A814E-CF32-41E0-961E-9F7A5A3780D5} = {D003561D-E1FB-4654-806D-082AC1E16F7B}
		{AFC26F55-9EBB-4614-A4D1-BC2348AB3585} = {68C6E4C5-2CD6-4602-A066-D15F00712907}
	EndGlobalSection
	GlobalSection(ExtensibilityGlobals) = postSolution
		SolutionGuid = {5757A2D8-A6E4-4135-98D2-8F23BA4843CE}
	EndGlobalSection
EndGlobal
