
Microsoft Visual Studio Solution File, Format Version 12.00
# Visual Studio 14
VisualStudioVersion = 14.0.25420.1
MinimumVisualStudioVersion = 10.0.40219.1
Project("{2150E333-8FDC-42A3-9474-1A3956D46DE8}") = "2_Core", "2_Core", "{5740F1EA-9716-41B7-B774-775A6AB7703E}"
EndProject
Project("{FAE04EC0-301F-11D3-BF4B-00C04F79EFBC}") = "CoreEntities", "BusinessLogic\CoreEntities.csproj", "{A295D44D-4013-45D4-B20F-13A19AB6335A}"
EndProject
Project("{2150E333-8FDC-42A3-9474-1A3956D46DE8}") = "3_DataLayer", "3_DataLayer", "{49419816-F7CD-48D0-9A53-E87D8256EF75}"
EndProject
Project("{FAE04EC0-301F-11D3-BF4B-00C04F79EFBC}") = "DataAccess", "DataAccess\DataAccess.csproj", "{08C180D3-8604-45FF-94E0-AF348E4163AE}"
EndProject
Project("{2150E333-8FDC-42A3-9474-1A3956D46DE8}") = "UnitTests", "UnitTests", "{678B96EE-E425-48E6-BC6A-7FC486CB1ACF}"
EndProject
Project("{FAE04EC0-301F-11D3-BF4B-00C04F79EFBC}") = "UnitTesting", "UnitTesting\UnitTesting.csproj", "{76511478-239B-4583-996B-704247E9DC03}"
EndProject
Project("{2150E333-8FDC-42A3-9474-1A3956D46DE8}") = "1_UserInterface", "1_UserInterface", "{8C72B3BC-1DB1-4DCE-8386-22FC0BEDFD64}"
EndProject
Project("{2150E333-8FDC-42A3-9474-1A3956D46DE8}") = "Modules", "Modules", "{8AD10319-8DF4-49EB-A570-E556F4471D40}"
EndProject
Project("{FAE04EC0-301F-11D3-BF4B-00C04F79EFBC}") = "SubjectModuleUI", "SubjectModuleUI\SubjectModuleUI.csproj", "{6DCFC7ED-C185-482A-A8E6-BF4D57A8ED0B}"
EndProject
Global
	GlobalSection(SolutionConfigurationPlatforms) = preSolution
		Debug|Any CPU = Debug|Any CPU
		Release|Any CPU = Release|Any CPU
	EndGlobalSection
	GlobalSection(ProjectConfigurationPlatforms) = postSolution
		{A295D44D-4013-45D4-B20F-13A19AB6335A}.Debug|Any CPU.ActiveCfg = Debug|Any CPU
		{A295D44D-4013-45D4-B20F-13A19AB6335A}.Debug|Any CPU.Build.0 = Debug|Any CPU
		{A295D44D-4013-45D4-B20F-13A19AB6335A}.Release|Any CPU.ActiveCfg = Release|Any CPU
		{A295D44D-4013-45D4-B20F-13A19AB6335A}.Release|Any CPU.Build.0 = Release|Any CPU
		{08C180D3-8604-45FF-94E0-AF348E4163AE}.Debug|Any CPU.ActiveCfg = Debug|Any CPU
		{08C180D3-8604-45FF-94E0-AF348E4163AE}.Debug|Any CPU.Build.0 = Debug|Any CPU
		{08C180D3-8604-45FF-94E0-AF348E4163AE}.Release|Any CPU.ActiveCfg = Release|Any CPU
		{08C180D3-8604-45FF-94E0-AF348E4163AE}.Release|Any CPU.Build.0 = Release|Any CPU
		{76511478-239B-4583-996B-704247E9DC03}.Debug|Any CPU.ActiveCfg = Debug|Any CPU
		{76511478-239B-4583-996B-704247E9DC03}.Debug|Any CPU.Build.0 = Debug|Any CPU
		{76511478-239B-4583-996B-704247E9DC03}.Release|Any CPU.ActiveCfg = Release|Any CPU
		{76511478-239B-4583-996B-704247E9DC03}.Release|Any CPU.Build.0 = Release|Any CPU
		{6DCFC7ED-C185-482A-A8E6-BF4D57A8ED0B}.Debug|Any CPU.ActiveCfg = Debug|Any CPU
		{6DCFC7ED-C185-482A-A8E6-BF4D57A8ED0B}.Debug|Any CPU.Build.0 = Debug|Any CPU
		{6DCFC7ED-C185-482A-A8E6-BF4D57A8ED0B}.Release|Any CPU.ActiveCfg = Release|Any CPU
		{6DCFC7ED-C185-482A-A8E6-BF4D57A8ED0B}.Release|Any CPU.Build.0 = Release|Any CPU
	EndGlobalSection
	GlobalSection(SolutionProperties) = preSolution
		HideSolutionNode = FALSE
	EndGlobalSection
	GlobalSection(NestedProjects) = preSolution
		{A295D44D-4013-45D4-B20F-13A19AB6335A} = {5740F1EA-9716-41B7-B774-775A6AB7703E}
		{08C180D3-8604-45FF-94E0-AF348E4163AE} = {49419816-F7CD-48D0-9A53-E87D8256EF75}
		{76511478-239B-4583-996B-704247E9DC03} = {678B96EE-E425-48E6-BC6A-7FC486CB1ACF}
		{8AD10319-8DF4-49EB-A570-E556F4471D40} = {8C72B3BC-1DB1-4DCE-8386-22FC0BEDFD64}
		{6DCFC7ED-C185-482A-A8E6-BF4D57A8ED0B} = {8AD10319-8DF4-49EB-A570-E556F4471D40}
	EndGlobalSection
EndGlobal
